// !$*UTF8*$!
{
	archiveVersion = 1;
	classes = {
	};
	objectVersion = 50;
	objects = {

/* Begin PBXBuildFile section */
		84509FA7252EF95100045959 /* AppDelegate.swift in Sources */ = {isa = PBXBuildFile; fileRef = 84509FA6252EF95100045959 /* AppDelegate.swift */; };
		84509FAB252EF95100045959 /* ViewController.swift in Sources */ = {isa = PBXBuildFile; fileRef = 84509FAA252EF95100045959 /* ViewController.swift */; };
		84509FAE252EF95100045959 /* Main.storyboard in Resources */ = {isa = PBXBuildFile; fileRef = 84509FAC252EF95100045959 /* Main.storyboard */; };
		84509FB0252EF95200045959 /* Assets.xcassets in Resources */ = {isa = PBXBuildFile; fileRef = 84509FAF252EF95200045959 /* Assets.xcassets */; };
		84509FB3252EF95200045959 /* LaunchScreen.storyboard in Resources */ = {isa = PBXBuildFile; fileRef = 84509FB1252EF95200045959 /* LaunchScreen.storyboard */; };
		84509FBD252F17D400045959 /* cppTest.cpp in Sources */ = {isa = PBXBuildFile; fileRef = 84509FBB252F17D400045959 /* cppTest.cpp */; };
		84509FBF252F18FC00045959 /* cppTestWrapper.mm in Sources */ = {isa = PBXBuildFile; fileRef = 84509FBE252F18FC00045959 /* cppTestWrapper.mm */; };
		84509FDE252F2B3C00045959 /* InterpolateCubic.cpp in Sources */ = {isa = PBXBuildFile; fileRef = 84509FC4252F2B3900045959 /* InterpolateCubic.cpp */; };
		84509FDF252F2B3C00045959 /* mmx_optimized.cpp in Sources */ = {isa = PBXBuildFile; fileRef = 84509FC6252F2B3900045959 /* mmx_optimized.cpp */; };
		84509FE0252F2B3C00045959 /* SoundTouch.cpp in Sources */ = {isa = PBXBuildFile; fileRef = 84509FC7252F2B3900045959 /* SoundTouch.cpp */; };
		84509FE1252F2B3C00045959 /* RateTransposer.cpp in Sources */ = {isa = PBXBuildFile; fileRef = 84509FC8252F2B3900045959 /* RateTransposer.cpp */; };
		84509FE2252F2B3C00045959 /* sse_optimized.cpp in Sources */ = {isa = PBXBuildFile; fileRef = 84509FCA252F2B3A00045959 /* sse_optimized.cpp */; };
		84509FE3252F2B3C00045959 /* InterpolateLinear.cpp in Sources */ = {isa = PBXBuildFile; fileRef = 84509FCB252F2B3A00045959 /* InterpolateLinear.cpp */; };
		84509FE4252F2B3C00045959 /* AAFilter.cpp in Sources */ = {isa = PBXBuildFile; fileRef = 84509FCD252F2B3A00045959 /* AAFilter.cpp */; };
		84509FE6252F2B3C00045959 /* InterpolateShannon.cpp in Sources */ = {isa = PBXBuildFile; fileRef = 84509FCF252F2B3A00045959 /* InterpolateShannon.cpp */; };
		84509FE7252F2B3C00045959 /* BPMDetect.cpp in Sources */ = {isa = PBXBuildFile; fileRef = 84509FD0252F2B3A00045959 /* BPMDetect.cpp */; };
		84509FE9252F2B3C00045959 /* TDStretch.cpp in Sources */ = {isa = PBXBuildFile; fileRef = 84509FD2252F2B3A00045959 /* TDStretch.cpp */; };
		84509FEA252F2B3C00045959 /* cpu_detect_x86.cpp in Sources */ = {isa = PBXBuildFile; fileRef = 84509FD6252F2B3B00045959 /* cpu_detect_x86.cpp */; };
		84509FEC252F2B3C00045959 /* PeakFinder.cpp in Sources */ = {isa = PBXBuildFile; fileRef = 84509FDB252F2B3B00045959 /* PeakFinder.cpp */; };
		84509FED252F2B3C00045959 /* FIFOSampleBuffer.cpp in Sources */ = {isa = PBXBuildFile; fileRef = 84509FDC252F2B3B00045959 /* FIFOSampleBuffer.cpp */; };
		84509FEE252F2B3C00045959 /* FIRFilter.cpp in Sources */ = {isa = PBXBuildFile; fileRef = 84509FDD252F2B3B00045959 /* FIRFilter.cpp */; };
		84509FFA252F2BA100045959 /* main.cpp in Sources */ = {isa = PBXBuildFile; fileRef = 84509FF3252F2BA000045959 /* main.cpp */; };
		84509FFB252F2BA100045959 /* RunParameters.cpp in Sources */ = {isa = PBXBuildFile; fileRef = 84509FF4252F2BA000045959 /* RunParameters.cpp */; };
		84509FFD252F2BA100045959 /* WavFile.cpp in Sources */ = {isa = PBXBuildFile; fileRef = 84509FF6252F2BA100045959 /* WavFile.cpp */; };
		8450A006252F2CB700045959 /* soundtouch_config.h.in in Resources */ = {isa = PBXBuildFile; fileRef = 84509FFF252F2CB700045959 /* soundtouch_config.h.in */; };
/* End PBXBuildFile section */

/* Begin PBXFileReference section */
		84509FA3252EF95100045959 /* SoundTouch.app */ = {isa = PBXFileReference; explicitFileType = wrapper.application; includeInIndex = 0; path = SoundTouch.app; sourceTree = BUILT_PRODUCTS_DIR; };
		84509FA6252EF95100045959 /* AppDelegate.swift */ = {isa = PBXFileReference; lastKnownFileType = sourcecode.swift; path = AppDelegate.swift; sourceTree = "<group>"; };
		84509FAA252EF95100045959 /* ViewController.swift */ = {isa = PBXFileReference; lastKnownFileType = sourcecode.swift; path = ViewController.swift; sourceTree = "<group>"; };
		84509FAD252EF95100045959 /* Base */ = {isa = PBXFileReference; lastKnownFileType = file.storyboard; name = Base; path = Base.lproj/Main.storyboard; sourceTree = "<group>"; };
		84509FAF252EF95200045959 /* Assets.xcassets */ = {isa = PBXFileReference; lastKnownFileType = folder.assetcatalog; path = Assets.xcassets; sourceTree = "<group>"; };
		84509FB2252EF95200045959 /* Base */ = {isa = PBXFileReference; lastKnownFileType = file.storyboard; name = Base; path = Base.lproj/LaunchScreen.storyboard; sourceTree = "<group>"; };
		84509FB4252EF95200045959 /* Info.plist */ = {isa = PBXFileReference; lastKnownFileType = text.plist.xml; path = Info.plist; sourceTree = "<group>"; };
		84509FBA252F17D400045959 /* SoundTouch-Bridging-Header.h */ = {isa = PBXFileReference; lastKnownFileType = sourcecode.c.h; path = "SoundTouch-Bridging-Header.h"; sourceTree = "<group>"; };
		84509FBB252F17D400045959 /* cppTest.cpp */ = {isa = PBXFileReference; lastKnownFileType = sourcecode.cpp.cpp; path = cppTest.cpp; sourceTree = "<group>"; };
		84509FBC252F17D400045959 /* cppTest.hpp */ = {isa = PBXFileReference; lastKnownFileType = sourcecode.cpp.h; path = cppTest.hpp; sourceTree = "<group>"; };
		84509FBE252F18FC00045959 /* cppTestWrapper.mm */ = {isa = PBXFileReference; lastKnownFileType = sourcecode.cpp.objcpp; path = cppTestWrapper.mm; sourceTree = "<group>"; };
		84509FC0252F193A00045959 /* cppTestWrapper.h */ = {isa = PBXFileReference; lastKnownFileType = sourcecode.c.h; path = cppTestWrapper.h; sourceTree = "<group>"; };
		84509FC4252F2B3900045959 /* InterpolateCubic.cpp */ = {isa = PBXFileReference; fileEncoding = 4; lastKnownFileType = sourcecode.cpp.cpp; path = InterpolateCubic.cpp; sourceTree = "<group>"; };
		84509FC5252F2B3900045959 /* InterpolateLinear.h */ = {isa = PBXFileReference; fileEncoding = 4; lastKnownFileType = sourcecode.c.h; path = InterpolateLinear.h; sourceTree = "<group>"; };
		84509FC6252F2B3900045959 /* mmx_optimized.cpp */ = {isa = PBXFileReference; fileEncoding = 4; lastKnownFileType = sourcecode.cpp.cpp; path = mmx_optimized.cpp; sourceTree = "<group>"; };
		84509FC7252F2B3900045959 /* SoundTouch.cpp */ = {isa = PBXFileReference; fileEncoding = 4; lastKnownFileType = sourcecode.cpp.cpp; path = SoundTouch.cpp; sourceTree = "<group>"; };
		84509FC8252F2B3900045959 /* RateTransposer.cpp */ = {isa = PBXFileReference; fileEncoding = 4; lastKnownFileType = sourcecode.cpp.cpp; path = RateTransposer.cpp; sourceTree = "<group>"; };
		84509FC9252F2B3A00045959 /* PeakFinder.h */ = {isa = PBXFileReference; fileEncoding = 4; lastKnownFileType = sourcecode.c.h; path = PeakFinder.h; sourceTree = "<group>"; };
		84509FCA252F2B3A00045959 /* sse_optimized.cpp */ = {isa = PBXFileReference; fileEncoding = 4; lastKnownFileType = sourcecode.cpp.cpp; path = sse_optimized.cpp; sourceTree = "<group>"; };
		84509FCB252F2B3A00045959 /* InterpolateLinear.cpp */ = {isa = PBXFileReference; fileEncoding = 4; lastKnownFileType = sourcecode.cpp.cpp; path = InterpolateLinear.cpp; sourceTree = "<group>"; };
		84509FCC252F2B3A00045959 /* InterpolateCubic.h */ = {isa = PBXFileReference; fileEncoding = 4; lastKnownFileType = sourcecode.c.h; path = InterpolateCubic.h; sourceTree = "<group>"; };
		84509FCD252F2B3A00045959 /* AAFilter.cpp */ = {isa = PBXFileReference; fileEncoding = 4; lastKnownFileType = sourcecode.cpp.cpp; path = AAFilter.cpp; sourceTree = "<group>"; };
		84509FCF252F2B3A00045959 /* InterpolateShannon.cpp */ = {isa = PBXFileReference; fileEncoding = 4; lastKnownFileType = sourcecode.cpp.cpp; path = InterpolateShannon.cpp; sourceTree = "<group>"; };
		84509FD0252F2B3A00045959 /* BPMDetect.cpp */ = {isa = PBXFileReference; fileEncoding = 4; lastKnownFileType = sourcecode.cpp.cpp; path = BPMDetect.cpp; sourceTree = "<group>"; };
		84509FD2252F2B3A00045959 /* TDStretch.cpp */ = {isa = PBXFileReference; fileEncoding = 4; lastKnownFileType = sourcecode.cpp.cpp; path = TDStretch.cpp; sourceTree = "<group>"; };
		84509FD3252F2B3A00045959 /* TDStretch.h */ = {isa = PBXFileReference; fileEncoding = 4; lastKnownFileType = sourcecode.c.h; path = TDStretch.h; sourceTree = "<group>"; };
		84509FD4252F2B3A00045959 /* cpu_detect.h */ = {isa = PBXFileReference; fileEncoding = 4; lastKnownFileType = sourcecode.c.h; path = cpu_detect.h; sourceTree = "<group>"; };
		84509FD5252F2B3B00045959 /* InterpolateShannon.h */ = {isa = PBXFileReference; fileEncoding = 4; lastKnownFileType = sourcecode.c.h; path = InterpolateShannon.h; sourceTree = "<group>"; };
		84509FD6252F2B3B00045959 /* cpu_detect_x86.cpp */ = {isa = PBXFileReference; fileEncoding = 4; lastKnownFileType = sourcecode.cpp.cpp; path = cpu_detect_x86.cpp; sourceTree = "<group>"; };
		84509FD8252F2B3B00045959 /* RateTransposer.h */ = {isa = PBXFileReference; fileEncoding = 4; lastKnownFileType = sourcecode.c.h; path = RateTransposer.h; sourceTree = "<group>"; };
		84509FD9252F2B3B00045959 /* FIRFilter.h */ = {isa = PBXFileReference; fileEncoding = 4; lastKnownFileType = sourcecode.c.h; path = FIRFilter.h; sourceTree = "<group>"; };
		84509FDA252F2B3B00045959 /* AAFilter.h */ = {isa = PBXFileReference; fileEncoding = 4; lastKnownFileType = sourcecode.c.h; path = AAFilter.h; sourceTree = "<group>"; };
		84509FDB252F2B3B00045959 /* PeakFinder.cpp */ = {isa = PBXFileReference; fileEncoding = 4; lastKnownFileType = sourcecode.cpp.cpp; path = PeakFinder.cpp; sourceTree = "<group>"; };
		84509FDC252F2B3B00045959 /* FIFOSampleBuffer.cpp */ = {isa = PBXFileReference; fileEncoding = 4; lastKnownFileType = sourcecode.cpp.cpp; path = FIFOSampleBuffer.cpp; sourceTree = "<group>"; };
		84509FDD252F2B3B00045959 /* FIRFilter.cpp */ = {isa = PBXFileReference; fileEncoding = 4; lastKnownFileType = sourcecode.cpp.cpp; path = FIRFilter.cpp; sourceTree = "<group>"; };
		84509FF2252F2BA000045959 /* RunParameters.h */ = {isa = PBXFileReference; fileEncoding = 4; lastKnownFileType = sourcecode.c.h; path = RunParameters.h; sourceTree = "<group>"; };
		84509FF3252F2BA000045959 /* main.cpp */ = {isa = PBXFileReference; fileEncoding = 4; lastKnownFileType = sourcecode.cpp.cpp; path = main.cpp; sourceTree = "<group>"; };
		84509FF4252F2BA000045959 /* RunParameters.cpp */ = {isa = PBXFileReference; fileEncoding = 4; lastKnownFileType = sourcecode.cpp.cpp; path = RunParameters.cpp; sourceTree = "<group>"; };
		84509FF6252F2BA100045959 /* WavFile.cpp */ = {isa = PBXFileReference; fileEncoding = 4; lastKnownFileType = sourcecode.cpp.cpp; path = WavFile.cpp; sourceTree = "<group>"; };
		84509FF7252F2BA100045959 /* WavFile.h */ = {isa = PBXFileReference; fileEncoding = 4; lastKnownFileType = sourcecode.c.h; path = WavFile.h; sourceTree = "<group>"; };
		84509FFF252F2CB700045959 /* soundtouch_config.h.in */ = {isa = PBXFileReference; fileEncoding = 4; lastKnownFileType = text; path = soundtouch_config.h.in; sourceTree = "<group>"; };
		8450A000252F2CB700045959 /* SoundTouch.h */ = {isa = PBXFileReference; fileEncoding = 4; lastKnownFileType = sourcecode.c.h; path = SoundTouch.h; sourceTree = "<group>"; };
		8450A001252F2CB700045959 /* FIFOSampleBuffer.h */ = {isa = PBXFileReference; fileEncoding = 4; lastKnownFileType = sourcecode.c.h; path = FIFOSampleBuffer.h; sourceTree = "<group>"; };
		8450A002252F2CB700045959 /* STTypes.h */ = {isa = PBXFileReference; fileEncoding = 4; lastKnownFileType = sourcecode.c.h; path = STTypes.h; sourceTree = "<group>"; };
		8450A003252F2CB700045959 /* BPMDetect.h */ = {isa = PBXFileReference; fileEncoding = 4; lastKnownFileType = sourcecode.c.h; path = BPMDetect.h; sourceTree = "<group>"; };
		8450A005252F2CB700045959 /* FIFOSamplePipe.h */ = {isa = PBXFileReference; fileEncoding = 4; lastKnownFileType = sourcecode.c.h; path = FIFOSamplePipe.h; sourceTree = "<group>"; };
/* End PBXFileReference section */

/* Begin PBXFrameworksBuildPhase section */
		84509FA0252EF95100045959 /* Frameworks */ = {
			isa = PBXFrameworksBuildPhase;
			buildActionMask = 2147483647;
			files = (
			);
			runOnlyForDeploymentPostprocessing = 0;
		};
/* End PBXFrameworksBuildPhase section */

/* Begin PBXGroup section */
		84509F9A252EF95100045959 = {
			isa = PBXGroup;
			children = (
				84509FA5252EF95100045959 /* SoundTouch */,
				84509FA4252EF95100045959 /* Products */,
			);
			sourceTree = "<group>";
		};
		84509FA4252EF95100045959 /* Products */ = {
			isa = PBXGroup;
			children = (
				84509FA3252EF95100045959 /* SoundTouch.app */,
			);
			name = Products;
			sourceTree = "<group>";
		};
		84509FA5252EF95100045959 /* SoundTouch */ = {
			isa = PBXGroup;
			children = (
				84509FC1252F2AE800045959 /* CPP */,
				84509FA6252EF95100045959 /* AppDelegate.swift */,
				84509FAA252EF95100045959 /* ViewController.swift */,
				84509FAC252EF95100045959 /* Main.storyboard */,
				84509FAF252EF95200045959 /* Assets.xcassets */,
				84509FB1252EF95200045959 /* LaunchScreen.storyboard */,
				84509FB4252EF95200045959 /* Info.plist */,
				84509FBA252F17D400045959 /* SoundTouch-Bridging-Header.h */,
			);
			path = SoundTouch;
			sourceTree = "<group>";
		};
		84509FC1252F2AE800045959 /* CPP */ = {
			isa = PBXGroup;
			children = (
				84509FFE252F2CA100045959 /* include */,
				84509FEF252F2B7B00045959 /* SoundStretchPort */,
				84509FC3252F2B0D00045959 /* SoundTouchLib */,
				84509FC2252F2AF600045959 /* Test */,
			);
			path = CPP;
			sourceTree = "<group>";
		};
		84509FC2252F2AF600045959 /* Test */ = {
			isa = PBXGroup;
			children = (
				84509FBB252F17D400045959 /* cppTest.cpp */,
				84509FBC252F17D400045959 /* cppTest.hpp */,
				84509FBE252F18FC00045959 /* cppTestWrapper.mm */,
				84509FC0252F193A00045959 /* cppTestWrapper.h */,
			);
			path = Test;
			sourceTree = "<group>";
		};
		84509FC3252F2B0D00045959 /* SoundTouchLib */ = {
			isa = PBXGroup;
			children = (
				84509FCD252F2B3A00045959 /* AAFilter.cpp */,
				84509FDA252F2B3B00045959 /* AAFilter.h */,
				84509FD0252F2B3A00045959 /* BPMDetect.cpp */,
				84509FD6252F2B3B00045959 /* cpu_detect_x86.cpp */,
				84509FD4252F2B3A00045959 /* cpu_detect.h */,
				84509FDC252F2B3B00045959 /* FIFOSampleBuffer.cpp */,
				84509FDD252F2B3B00045959 /* FIRFilter.cpp */,
				84509FD9252F2B3B00045959 /* FIRFilter.h */,
				84509FC4252F2B3900045959 /* InterpolateCubic.cpp */,
				84509FCC252F2B3A00045959 /* InterpolateCubic.h */,
				84509FCB252F2B3A00045959 /* InterpolateLinear.cpp */,
				84509FC5252F2B3900045959 /* InterpolateLinear.h */,
				84509FCF252F2B3A00045959 /* InterpolateShannon.cpp */,
				84509FD5252F2B3B00045959 /* InterpolateShannon.h */,
				84509FC6252F2B3900045959 /* mmx_optimized.cpp */,
				84509FDB252F2B3B00045959 /* PeakFinder.cpp */,
				84509FC9252F2B3A00045959 /* PeakFinder.h */,
				84509FC8252F2B3900045959 /* RateTransposer.cpp */,
				84509FD8252F2B3B00045959 /* RateTransposer.h */,
				84509FC7252F2B3900045959 /* SoundTouch.cpp */,
				84509FCA252F2B3A00045959 /* sse_optimized.cpp */,
				84509FD2252F2B3A00045959 /* TDStretch.cpp */,
				84509FD3252F2B3A00045959 /* TDStretch.h */,
			);
			path = SoundTouchLib;
			sourceTree = "<group>";
		};
		84509FEF252F2B7B00045959 /* SoundStretchPort */ = {
			isa = PBXGroup;
			children = (
				84509FF3252F2BA000045959 /* main.cpp */,
				84509FF4252F2BA000045959 /* RunParameters.cpp */,
				84509FF2252F2BA000045959 /* RunParameters.h */,
				84509FF6252F2BA100045959 /* WavFile.cpp */,
				84509FF7252F2BA100045959 /* WavFile.h */,
			);
			path = SoundStretchPort;
			sourceTree = "<group>";
		};
		84509FFE252F2CA100045959 /* include */ = {
			isa = PBXGroup;
			children = (
				8450A003252F2CB700045959 /* BPMDetect.h */,
				8450A001252F2CB700045959 /* FIFOSampleBuffer.h */,
				8450A005252F2CB700045959 /* FIFOSamplePipe.h */,
				84509FFF252F2CB700045959 /* soundtouch_config.h.in */,
				8450A000252F2CB700045959 /* SoundTouch.h */,
				8450A002252F2CB700045959 /* STTypes.h */,
			);
			path = include;
			sourceTree = "<group>";
		};
/* End PBXGroup section */

/* Begin PBXNativeTarget section */
		84509FA2252EF95100045959 /* SoundTouch */ = {
			isa = PBXNativeTarget;
			buildConfigurationList = 84509FB7252EF95200045959 /* Build configuration list for PBXNativeTarget "SoundTouch" */;
			buildPhases = (
				84509F9F252EF95100045959 /* Sources */,
				84509FA0252EF95100045959 /* Frameworks */,
				84509FA1252EF95100045959 /* Resources */,
			);
			buildRules = (
			);
			dependencies = (
			);
			name = SoundTouch;
			productName = SoundTouch;
			productReference = 84509FA3252EF95100045959 /* SoundTouch.app */;
			productType = "com.apple.product-type.application";
		};
/* End PBXNativeTarget section */

/* Begin PBXProject section */
		84509F9B252EF95100045959 /* Project object */ = {
			isa = PBXProject;
			attributes = {
				LastSwiftUpdateCheck = 1150;
				LastUpgradeCheck = 1150;
				ORGANIZATIONNAME = Admin;
				TargetAttributes = {
					84509FA2252EF95100045959 = {
						CreatedOnToolsVersion = 11.5;
						LastSwiftMigration = 1150;
					};
				};
			};
			buildConfigurationList = 84509F9E252EF95100045959 /* Build configuration list for PBXProject "SoundTouch" */;
			compatibilityVersion = "Xcode 9.3";
			developmentRegion = en;
			hasScannedForEncodings = 0;
			knownRegions = (
				en,
				Base,
			);
			mainGroup = 84509F9A252EF95100045959;
			productRefGroup = 84509FA4252EF95100045959 /* Products */;
			projectDirPath = "";
			projectRoot = "";
			targets = (
				84509FA2252EF95100045959 /* SoundTouch */,
			);
		};
/* End PBXProject section */

/* Begin PBXResourcesBuildPhase section */
		84509FA1252EF95100045959 /* Resources */ = {
			isa = PBXResourcesBuildPhase;
			buildActionMask = 2147483647;
			files = (
				84509FB3252EF95200045959 /* LaunchScreen.storyboard in Resources */,
				84509FB0252EF95200045959 /* Assets.xcassets in Resources */,
				8450A006252F2CB700045959 /* soundtouch_config.h.in in Resources */,
				84509FAE252EF95100045959 /* Main.storyboard in Resources */,
			);
			runOnlyForDeploymentPostprocessing = 0;
		};
/* End PBXResourcesBuildPhase section */

/* Begin PBXSourcesBuildPhase section */
		84509F9F252EF95100045959 /* Sources */ = {
			isa = PBXSourcesBuildPhase;
			buildActionMask = 2147483647;
			files = (
				84509FFB252F2BA100045959 /* RunParameters.cpp in Sources */,
				84509FBD252F17D400045959 /* cppTest.cpp in Sources */,
				84509FAB252EF95100045959 /* ViewController.swift in Sources */,
				84509FE9252F2B3C00045959 /* TDStretch.cpp in Sources */,
				84509FDE252F2B3C00045959 /* InterpolateCubic.cpp in Sources */,
				84509FE2252F2B3C00045959 /* sse_optimized.cpp in Sources */,
				84509FFD252F2BA100045959 /* WavFile.cpp in Sources */,
				84509FE0252F2B3C00045959 /* SoundTouch.cpp in Sources */,
				84509FDF252F2B3C00045959 /* mmx_optimized.cpp in Sources */,
				84509FED252F2B3C00045959 /* FIFOSampleBuffer.cpp in Sources */,
				84509FE7252F2B3C00045959 /* BPMDetect.cpp in Sources */,
				84509FEA252F2B3C00045959 /* cpu_detect_x86.cpp in Sources */,
				84509FA7252EF95100045959 /* AppDelegate.swift in Sources */,
				84509FE3252F2B3C00045959 /* InterpolateLinear.cpp in Sources */,
				84509FEC252F2B3C00045959 /* PeakFinder.cpp in Sources */,
				84509FBF252F18FC00045959 /* cppTestWrapper.mm in Sources */,
				84509FE4252F2B3C00045959 /* AAFilter.cpp in Sources */,
				84509FEE252F2B3C00045959 /* FIRFilter.cpp in Sources */,
				84509FE1252F2B3C00045959 /* RateTransposer.cpp in Sources */,
				84509FE6252F2B3C00045959 /* InterpolateShannon.cpp in Sources */,
				84509FFA252F2BA100045959 /* main.cpp in Sources */,
			);
			runOnlyForDeploymentPostprocessing = 0;
		};
/* End PBXSourcesBuildPhase section */

/* Begin PBXVariantGroup section */
		84509FAC252EF95100045959 /* Main.storyboard */ = {
			isa = PBXVariantGroup;
			children = (
				84509FAD252EF95100045959 /* Base */,
			);
			name = Main.storyboard;
			sourceTree = "<group>";
		};
		84509FB1252EF95200045959 /* LaunchScreen.storyboard */ = {
			isa = PBXVariantGroup;
			children = (
				84509FB2252EF95200045959 /* Base */,
			);
			name = LaunchScreen.storyboard;
			sourceTree = "<group>";
		};
/* End PBXVariantGroup section */

/* Begin XCBuildConfiguration section */
		84509FB5252EF95200045959 /* Debug */ = {
			isa = XCBuildConfiguration;
			buildSettings = {
				ALWAYS_SEARCH_USER_PATHS = NO;
				CLANG_ANALYZER_NONNULL = YES;
				CLANG_ANALYZER_NUMBER_OBJECT_CONVERSION = YES_AGGRESSIVE;
				CLANG_CXX_LANGUAGE_STANDARD = "gnu++14";
				CLANG_CXX_LIBRARY = "libc++";
				CLANG_ENABLE_MODULES = YES;
				CLANG_ENABLE_OBJC_ARC = YES;
				CLANG_ENABLE_OBJC_WEAK = YES;
				CLANG_WARN_BLOCK_CAPTURE_AUTORELEASING = YES;
				CLANG_WARN_BOOL_CONVERSION = YES;
				CLANG_WARN_COMMA = YES;
				CLANG_WARN_CONSTANT_CONVERSION = YES;
				CLANG_WARN_DEPRECATED_OBJC_IMPLEMENTATIONS = YES;
				CLANG_WARN_DIRECT_OBJC_ISA_USAGE = YES_ERROR;
				CLANG_WARN_DOCUMENTATION_COMMENTS = YES;
				CLANG_WARN_EMPTY_BODY = YES;
				CLANG_WARN_ENUM_CONVERSION = YES;
				CLANG_WARN_INFINITE_RECURSION = YES;
				CLANG_WARN_INT_CONVERSION = YES;
				CLANG_WARN_NON_LITERAL_NULL_CONVERSION = YES;
				CLANG_WARN_OBJC_IMPLICIT_RETAIN_SELF = YES;
				CLANG_WARN_OBJC_LITERAL_CONVERSION = YES;
				CLANG_WARN_OBJC_ROOT_CLASS = YES_ERROR;
				CLANG_WARN_RANGE_LOOP_ANALYSIS = YES;
				CLANG_WARN_STRICT_PROTOTYPES = YES;
				CLANG_WARN_SUSPICIOUS_MOVE = YES;
				CLANG_WARN_UNGUARDED_AVAILABILITY = YES_AGGRESSIVE;
				CLANG_WARN_UNREACHABLE_CODE = YES;
				CLANG_WARN__DUPLICATE_METHOD_MATCH = YES;
				COPY_PHASE_STRIP = NO;
				DEBUG_INFORMATION_FORMAT = dwarf;
				ENABLE_STRICT_OBJC_MSGSEND = YES;
				ENABLE_TESTABILITY = YES;
				GCC_C_LANGUAGE_STANDARD = gnu11;
				GCC_DYNAMIC_NO_PIC = NO;
				GCC_NO_COMMON_BLOCKS = YES;
				GCC_OPTIMIZATION_LEVEL = 0;
				GCC_PREPROCESSOR_DEFINITIONS = (
					"DEBUG=1",
					"$(inherited)",
				);
				GCC_WARN_64_TO_32_BIT_CONVERSION = YES;
				GCC_WARN_ABOUT_RETURN_TYPE = YES_ERROR;
				GCC_WARN_UNDECLARED_SELECTOR = YES;
				GCC_WARN_UNINITIALIZED_AUTOS = YES_AGGRESSIVE;
				GCC_WARN_UNUSED_FUNCTION = YES;
				GCC_WARN_UNUSED_VARIABLE = YES;
				IPHONEOS_DEPLOYMENT_TARGET = 13.5;
				MTL_ENABLE_DEBUG_INFO = INCLUDE_SOURCE;
				MTL_FAST_MATH = YES;
				ONLY_ACTIVE_ARCH = YES;
				SDKROOT = iphoneos;
				SWIFT_ACTIVE_COMPILATION_CONDITIONS = DEBUG;
				SWIFT_OPTIMIZATION_LEVEL = "-Onone";
			};
			name = Debug;
		};
		84509FB6252EF95200045959 /* Release */ = {
			isa = XCBuildConfiguration;
			buildSettings = {
				ALWAYS_SEARCH_USER_PATHS = NO;
				CLANG_ANALYZER_NONNULL = YES;
				CLANG_ANALYZER_NUMBER_OBJECT_CONVERSION = YES_AGGRESSIVE;
				CLANG_CXX_LANGUAGE_STANDARD = "gnu++14";
				CLANG_CXX_LIBRARY = "libc++";
				CLANG_ENABLE_MODULES = YES;
				CLANG_ENABLE_OBJC_ARC = YES;
				CLANG_ENABLE_OBJC_WEAK = YES;
				CLANG_WARN_BLOCK_CAPTURE_AUTORELEASING = YES;
				CLANG_WARN_BOOL_CONVERSION = YES;
				CLANG_WARN_COMMA = YES;
				CLANG_WARN_CONSTANT_CONVERSION = YES;
				CLANG_WARN_DEPRECATED_OBJC_IMPLEMENTATIONS = YES;
				CLANG_WARN_DIRECT_OBJC_ISA_USAGE = YES_ERROR;
				CLANG_WARN_DOCUMENTATION_COMMENTS = YES;
				CLANG_WARN_EMPTY_BODY = YES;
				CLANG_WARN_ENUM_CONVERSION = YES;
				CLANG_WARN_INFINITE_RECURSION = YES;
				CLANG_WARN_INT_CONVERSION = YES;
				CLANG_WARN_NON_LITERAL_NULL_CONVERSION = YES;
				CLANG_WARN_OBJC_IMPLICIT_RETAIN_SELF = YES;
				CLANG_WARN_OBJC_LITERAL_CONVERSION = YES;
				CLANG_WARN_OBJC_ROOT_CLASS = YES_ERROR;
				CLANG_WARN_RANGE_LOOP_ANALYSIS = YES;
				CLANG_WARN_STRICT_PROTOTYPES = YES;
				CLANG_WARN_SUSPICIOUS_MOVE = YES;
				CLANG_WARN_UNGUARDED_AVAILABILITY = YES_AGGRESSIVE;
				CLANG_WARN_UNREACHABLE_CODE = YES;
				CLANG_WARN__DUPLICATE_METHOD_MATCH = YES;
				COPY_PHASE_STRIP = NO;
				DEBUG_INFORMATION_FORMAT = "dwarf-with-dsym";
				ENABLE_NS_ASSERTIONS = NO;
				ENABLE_STRICT_OBJC_MSGSEND = YES;
				GCC_C_LANGUAGE_STANDARD = gnu11;
				GCC_NO_COMMON_BLOCKS = YES;
				GCC_WARN_64_TO_32_BIT_CONVERSION = YES;
				GCC_WARN_ABOUT_RETURN_TYPE = YES_ERROR;
				GCC_WARN_UNDECLARED_SELECTOR = YES;
				GCC_WARN_UNINITIALIZED_AUTOS = YES_AGGRESSIVE;
				GCC_WARN_UNUSED_FUNCTION = YES;
				GCC_WARN_UNUSED_VARIABLE = YES;
				IPHONEOS_DEPLOYMENT_TARGET = 13.5;
				MTL_ENABLE_DEBUG_INFO = NO;
				MTL_FAST_MATH = YES;
				SDKROOT = iphoneos;
				SWIFT_COMPILATION_MODE = wholemodule;
				SWIFT_OPTIMIZATION_LEVEL = "-O";
				VALIDATE_PRODUCT = YES;
			};
			name = Release;
		};
		84509FB8252EF95200045959 /* Debug */ = {
			isa = XCBuildConfiguration;
			buildSettings = {
				ASSETCATALOG_COMPILER_APPICON_NAME = AppIcon;
				CLANG_ENABLE_MODULES = YES;
				CODE_SIGN_STYLE = Automatic;
				DEVELOPMENT_TEAM = URTF63URRB;
				INFOPLIST_FILE = SoundTouch/Info.plist;
				IPHONEOS_DEPLOYMENT_TARGET = 12.0;
				LD_RUNPATH_SEARCH_PATHS = (
					"$(inherited)",
					"@executable_path/Frameworks",
				);
				PRODUCT_BUNDLE_IDENTIFIER = com.Dmitriy.SoundTouch;
				PRODUCT_NAME = "$(TARGET_NAME)";
				SWIFT_OBJC_BRIDGING_HEADER = "SoundTouch/SoundTouch-Bridging-Header.h";
				SWIFT_OPTIMIZATION_LEVEL = "-Onone";
				SWIFT_VERSION = 5.0;
				TARGETED_DEVICE_FAMILY = 1;
			};
			name = Debug;
		};
		84509FB9252EF95200045959 /* Release */ = {
			isa = XCBuildConfiguration;
			buildSettings = {
				ASSETCATALOG_COMPILER_APPICON_NAME = AppIcon;
				CLANG_ENABLE_MODULES = YES;
				CODE_SIGN_STYLE = Automatic;
				DEVELOPMENT_TEAM = URTF63URRB;
				INFOPLIST_FILE = SoundTouch/Info.plist;
				IPHONEOS_DEPLOYMENT_TARGET = 12.0;
				LD_RUNPATH_SEARCH_PATHS = (
					"$(inherited)",
					"@executable_path/Frameworks",
				);
				PRODUCT_BUNDLE_IDENTIFIER = com.Dmitriy.SoundTouch;
				PRODUCT_NAME = "$(TARGET_NAME)";
				SWIFT_OBJC_BRIDGING_HEADER = "SoundTouch/SoundTouch-Bridging-Header.h";
				SWIFT_VERSION = 5.0;
				TARGETED_DEVICE_FAMILY = 1;
			};
			name = Release;
		};
/* End XCBuildConfiguration section */

/* Begin XCConfigurationList section */
		84509F9E252EF95100045959 /* Build configuration list for PBXProject "SoundTouch" */ = {
			isa = XCConfigurationList;
			buildConfigurations = (
				84509FB5252EF95200045959 /* Debug */,
				84509FB6252EF95200045959 /* Release */,
			);
			defaultConfigurationIsVisible = 0;
			defaultConfigurationName = Release;
		};
		84509FB7252EF95200045959 /* Build configuration list for PBXNativeTarget "SoundTouch" */ = {
			isa = XCConfigurationList;
			buildConfigurations = (
				84509FB8252EF95200045959 /* Debug */,
				84509FB9252EF95200045959 /* Release */,
			);
			defaultConfigurationIsVisible = 0;
			defaultConfigurationName = Release;
		};
/* End XCConfigurationList section */
	};
	rootObject = 84509F9B252EF95100045959 /* Project object */;
}
